{
    "_readme": [
        "This file locks the dependencies of your project to a known state",
        "Read more about it at https://getcomposer.org/doc/01-basic-usage.md#installing-dependencies",
        "This file is @generated automatically"
    ],
    "content-hash": "41529feefa2d2a5ffa94e53ebc0a1d68",
    "packages": [
        {
            "name": "curl/curl",
            "version": "1.9.3",
            "source": {
                "type": "git",
                "url": "https://github.com/php-mod/curl.git",
                "reference": "43436a604b18c2a985cbc3f983be817fbe500e99"
            },
            "dist": {
                "type": "zip",
                "url": "https://api.github.com/repos/php-mod/curl/zipball/43436a604b18c2a985cbc3f983be817fbe500e99",
                "reference": "43436a604b18c2a985cbc3f983be817fbe500e99",
                "shasum": ""
            },
            "require": {
                "ext-curl": "*",
                "php": ">=5.3.0"
            },
            "require-dev": {
                "phpunit/phpunit": "3.7.*",
                "squizlabs/php_codesniffer": "~2.1"
            },
            "type": "library",
            "autoload": {
                "psr-0": {
                    "Curl": "src/"
                }
            },
            "notification-url": "https://packagist.org/downloads/",
            "license": [
                "MIT"
            ],
            "authors": [
                {
                    "name": "Hassan Amouhzi",
                    "email": "hassan@anezi.net",
                    "homepage": "http://hassan.amouhzi.com"
                },
                {
                    "name": "php-curl-class",
                    "homepage": "https://github.com/php-curl-class"
                },
                {
                    "name": "user52",
                    "homepage": "https://github.com/user52"
                }
            ],
            "description": "cURL class for PHP",
            "homepage": "https://github.com/php-mod/curl",
            "keywords": [
                "curl",
                "dot"
            ],
            "time": "2018-09-05T17:16:47+00:00"
        },
        {
            "name": "gregwar/captcha",
            "version": "v1.1.7",
            "source": {
                "type": "git",
                "url": "https://github.com/Gregwar/Captcha.git",
                "reference": "cf953dd79748406e0292cea8c565399681e4d345"
            },
            "dist": {
                "type": "zip",
                "url": "https://api.github.com/repos/Gregwar/Captcha/zipball/cf953dd79748406e0292cea8c565399681e4d345",
                "reference": "cf953dd79748406e0292cea8c565399681e4d345",
                "shasum": ""
            },
            "require": {
                "ext-gd": "*",
                "ext-mbstring": "*",
                "php": ">=5.3.0",
                "symfony/finder": "*"
            },
            "require-dev": {
                "phpunit/phpunit": "^6.4"
            },
            "type": "captcha",
            "autoload": {
                "psr-4": {
                    "Gregwar\\": "src/Gregwar"
                }
            },
            "notification-url": "https://packagist.org/downloads/",
            "license": [
                "MIT"
            ],
            "authors": [
                {
                    "name": "Grégoire Passault",
                    "email": "g.passault@gmail.com",
                    "homepage": "http://www.gregwar.com/"
                },
                {
                    "name": "Jeremy Livingston",
                    "email": "jeremy.j.livingston@gmail.com"
                }
            ],
            "description": "Captcha generator",
            "homepage": "https://github.com/Gregwar/Captcha",
            "keywords": [
                "bot",
                "captcha",
                "spam"
            ],
            "time": "2018-08-17T22:57:28+00:00"
        },
        {
            "name": "lcobucci/clock",
            "version": "1.1.0",
            "source": {
                "type": "git",
                "url": "https://github.com/lcobucci/clock.git",
                "reference": "d11d20b6a3df872d34f3b18d5bf4cbe5a01a2451"
            },
            "dist": {
                "type": "zip",
                "url": "https://api.github.com/repos/lcobucci/clock/zipball/d11d20b6a3df872d34f3b18d5bf4cbe5a01a2451",
                "reference": "d11d20b6a3df872d34f3b18d5bf4cbe5a01a2451",
                "shasum": ""
            },
            "require": {
                "php": "^7.1"
            },
            "require-dev": {
                "phpunit/phpunit": "^6.1"
            },
            "type": "library",
            "extra": {
                "branch-alias": {
                    "dev-master": "1.1-dev"
                }
            },
            "autoload": {
                "psr-4": {
                    "Lcobucci\\Clock\\": "src"
                }
            },
            "notification-url": "https://packagist.org/downloads/",
            "license": [
                "MIT"
            ],
            "authors": [
                {
                    "name": "Luís Cobucci",
                    "email": "lcobucci@gmail.com"
                }
            ],
            "description": "Yet another clock abstraction",
            "time": "2018-01-19T15:38:44+00:00"
        },
        {
            "name": "lcobucci/jose-parsing",
            "version": "2.2.0",
            "source": {
                "type": "git",
                "url": "https://github.com/lcobucci/jose-parsing.git",
                "reference": "ea0eaed79c3a5ca9ece3f824ecfe1e798fd1e1f4"
            },
            "dist": {
                "type": "zip",
                "url": "https://api.github.com/repos/lcobucci/jose-parsing/zipball/ea0eaed79c3a5ca9ece3f824ecfe1e798fd1e1f4",
                "reference": "ea0eaed79c3a5ca9ece3f824ecfe1e798fd1e1f4",
                "shasum": ""
            },
            "require": {
                "php": "^7.1"
            },
            "require-dev": {
                "phpmd/phpmd": "^2.3",
                "phpunit/phpunit": "^6.0",
                "squizlabs/php_codesniffer": "^2.3"
            },
            "type": "library",
            "extra": {
                "branch-alias": {
                    "dev-master": "2.2-dev"
                }
            },
            "autoload": {
                "psr-4": {
                    "Lcobucci\\Jose\\Parsing\\": "src"
                }
            },
            "notification-url": "https://packagist.org/downloads/",
            "license": [
                "BSD-3-Clause"
            ],
            "authors": [
                {
                    "name": "Luís Otávio Cobucci Oblonczyk",
                    "role": "Developer",
                    "email": "lcobucci@gmail.com"
                }
            ],
            "description": "A basic Base64Url and JSON encoding/decoding implementation",
            "keywords": [
                "JOSE",
                "base64url"
            ],
            "time": "2017-02-12T22:14:17+00:00"
        },
        {
            "name": "lcobucci/jwt",
            "version": "4.0.0-alpha1",
            "source": {
                "type": "git",
                "url": "https://github.com/lcobucci/jwt.git",
                "reference": "30969dac05855cf0123b2a8809c77542aba85dfa"
            },
            "dist": {
                "type": "zip",
                "url": "https://api.github.com/repos/lcobucci/jwt/zipball/30969dac05855cf0123b2a8809c77542aba85dfa",
                "reference": "30969dac05855cf0123b2a8809c77542aba85dfa",
                "shasum": ""
            },
            "require": {
                "ext-openssl": "*",
                "lcobucci/clock": "^1.0",
                "lcobucci/jose-parsing": "~2.1",
                "php": "^7.1"
            },
            "require-dev": {
                "mdanter/ecc": "^0.4",
                "mikey179/vfsstream": "^1.6",
                "phpmd/phpmd": "^2.5",
                "phpunit/php-invoker": "^1.1",
                "phpunit/phpunit": "^6.0",
                "squizlabs/php_codesniffer": "^2.7"
            },
            "suggest": {
                "mdanter/ecc": "Required to use Elliptic Curves based algorithms."
            },
            "type": "library",
            "extra": {
                "branch-alias": {
                    "dev-master": "4.0-dev"
                }
            },
            "autoload": {
                "psr-4": {
                    "Lcobucci\\JWT\\": "src"
                }
            },
            "notification-url": "https://packagist.org/downloads/",
            "license": [
                "BSD-3-Clause"
            ],
            "authors": [
                {
                    "name": "Luís Cobucci",
                    "role": "Developer",
                    "email": "lcobucci@gmail.com"
                }
            ],
            "description": "A simple library to work with JSON Web Token and JSON Web Signature",
            "keywords": [
                "JWS",
                "jwt"
            ],
            "time": "2017-05-07T21:25:30+00:00"
        },
        {
            "name": "nmred/kafka-php",
            "version": "v0.1.6.x-dev",
            "source": {
                "type": "git",
                "url": "https://github.com/weiboad/kafka-php.git",
                "reference": "dc41362dda929154e296aa9eb385fe55e44397e2"
            },
            "dist": {
                "type": "zip",
                "url": "https://api.github.com/repos/weiboad/kafka-php/zipball/dc41362dda929154e296aa9eb385fe55e44397e2",
                "reference": "dc41362dda929154e296aa9eb385fe55e44397e2",
                "shasum": ""
            },
            "require": {
                "php": ">=5.3.3"
            },
            "require-dev": {
                "phpunit/phpcov": "*",
                "phpunit/phpunit": "~4.0",
                "satooshi/php-coveralls": "dev-master"
            },
            "type": "library",
            "autoload": {
                "psr-0": {
                    "Kafka\\": "src/"
                }
            },
            "notification-url": "https://packagist.org/downloads/",
            "license": [
                "BSD-3-Clause"
            ],
            "description": "Kafka client for php",
            "homepage": "http://www.swanlinux.net",
            "keywords": [
                "client",
                "kafka"
            ],
            "time": "2017-04-20T05:50:37+00:00"
        },
        {
            "name": "symfony/finder",
            "version": "4.4.x-dev",
            "source": {
                "type": "git",
                "url": "https://github.com/symfony/finder.git",
                "reference": "d25922bd68ee500038603c6c1995a156ce253eb1"
            },
            "dist": {
                "type": "zip",
                "url": "https://api.github.com/repos/symfony/finder/zipball/d25922bd68ee500038603c6c1995a156ce253eb1",
                "reference": "d25922bd68ee500038603c6c1995a156ce253eb1",
                "shasum": ""
            },
            "require": {
                "php": "^7.1.3"
            },
            "type": "library",
            "extra": {
                "branch-alias": {
                    "dev-master": "4.4-dev"
                }
            },
            "autoload": {
                "psr-4": {
                    "Symfony\\Component\\Finder\\": ""
                },
                "exclude-from-classmap": [
                    "/Tests/"
                ]
            },
            "notification-url": "https://packagist.org/downloads/",
            "license": [
                "MIT"
            ],
            "authors": [
                {
                    "name": "Fabien Potencier",
                    "email": "fabien@symfony.com"
                },
                {
                    "name": "Symfony Community",
                    "homepage": "https://symfony.com/contributors"
                }
            ],
            "description": "Symfony Finder Component",
            "homepage": "https://symfony.com",
            "time": "2019-09-02T18:43:07+00:00"
        }
    ],
    "packages-dev": [],
    "aliases": [],
    "minimum-stability": "dev",
    "stability-flags": {
        "lcobucci/jwt": 15
    },
    "prefer-stable": false,
    "prefer-lowest": false,
    "platform": [],
    "platform-dev": []
}
